
Microsoft Visual Studio Solution File, Format Version 12.00
# Visual Studio Version 17
VisualStudioVersion = 17.10.35013.160
MinimumVisualStudioVersion = 10.0.40219.1
Project("{9A19103F-16F7-4668-BE54-9A1E7A4F7556}") = "DistanceBetweenAirports.Domain", "DistanceBetweenAirports.Domain\DistanceBetweenAirports.Domain.csproj", "{26B478D0-35FA-433B-B3A1-F62FE04EEC10}"
EndProject
Project("{9A19103F-16F7-4668-BE54-9A1E7A4F7556}") = "DistanceBetweenAirports.Infrastructure", "DistanceBetweenAirports.Infrastructure\DistanceBetweenAirports.Infrastructure.csproj", "{0A7081BC-12C8-4ECF-AF9E-97D4FF98BC87}"
EndProject
Project("{9A19103F-16F7-4668-BE54-9A1E7A4F7556}") = "DistanceBetweenAirports.API", "DistanceBetweenAirports.API\DistanceBetweenAirports.API.csproj", "{5A9C7998-FDDA-4CE7-80F2-BB47322C6E88}"
EndProject
Project("{9A19103F-16F7-4668-BE54-9A1E7A4F7556}") = "DistanceBetweenAirports.App", "DistanceBetweenAirports.App\DistanceBetweenAirports.App.csproj", "{6328500C-09BC-48C4-A508-341DDDF5BB0F}"
EndProject
Project("{FAE04EC0-301F-11D3-BF4B-00C04F79EFBC}") = "DistanceBetweenAirports.Tests", "DistanceBetweenAirports.Tests\DistanceBetweenAirports.Tests.csproj", "{5196D2AE-1BDE-40B6-8D03-3CB77EB36229}"
EndProject
Global
	GlobalSection(SolutionConfigurationPlatforms) = preSolution
		Debug|Any CPU = Debug|Any CPU
		Release|Any CPU = Release|Any CPU
	EndGlobalSection
	GlobalSection(ProjectConfigurationPlatforms) = postSolution
		{26B478D0-35FA-433B-B3A1-F62FE04EEC10}.Debug|Any CPU.ActiveCfg = Debug|Any CPU
		{26B478D0-35FA-433B-B3A1-F62FE04EEC10}.Debug|Any CPU.Build.0 = Debug|Any CPU
		{26B478D0-35FA-433B-B3A1-F62FE04EEC10}.Release|Any CPU.ActiveCfg = Release|Any CPU
		{26B478D0-35FA-433B-B3A1-F62FE04EEC10}.Release|Any CPU.Build.0 = Release|Any CPU
		{0A7081BC-12C8-4ECF-AF9E-97D4FF98BC87}.Debug|Any CPU.ActiveCfg = Debug|Any CPU
		{0A7081BC-12C8-4ECF-AF9E-97D4FF98BC87}.Debug|Any CPU.Build.0 = Debug|Any CPU
		{0A7081BC-12C8-4ECF-AF9E-97D4FF98BC87}.Release|Any CPU.ActiveCfg = Release|Any CPU
		{0A7081BC-12C8-4ECF-AF9E-97D4FF98BC87}.Release|Any CPU.Build.0 = Release|Any CPU
		{5A9C7998-FDDA-4CE7-80F2-BB47322C6E88}.Debug|Any CPU.ActiveCfg = Debug|Any CPU
		{5A9C7998-FDDA-4CE7-80F2-BB47322C6E88}.Debug|Any CPU.Build.0 = Debug|Any CPU
		{5A9C7998-FDDA-4CE7-80F2-BB47322C6E88}.Release|Any CPU.ActiveCfg = Release|Any CPU
		{5A9C7998-FDDA-4CE7-80F2-BB47322C6E88}.Release|Any CPU.Build.0 = Release|Any CPU
		{6328500C-09BC-48C4-A508-341DDDF5BB0F}.Debug|Any CPU.ActiveCfg = Debug|Any CPU
		{6328500C-09BC-48C4-A508-341DDDF5BB0F}.Debug|Any CPU.Build.0 = Debug|Any CPU
		{6328500C-09BC-48C4-A508-341DDDF5BB0F}.Release|Any CPU.ActiveCfg = Release|Any CPU
		{6328500C-09BC-48C4-A508-341DDDF5BB0F}.Release|Any CPU.Build.0 = Release|Any CPU
		{5196D2AE-1BDE-40B6-8D03-3CB77EB36229}.Debug|Any CPU.ActiveCfg = Debug|Any CPU
		{5196D2AE-1BDE-40B6-8D03-3CB77EB36229}.Debug|Any CPU.Build.0 = Debug|Any CPU
		{5196D2AE-1BDE-40B6-8D03-3CB77EB36229}.Release|Any CPU.ActiveCfg = Release|Any CPU
		{5196D2AE-1BDE-40B6-8D03-3CB77EB36229}.Release|Any CPU.Build.0 = Release|Any CPU
	EndGlobalSection
	GlobalSection(SolutionProperties) = preSolution
		HideSolutionNode = FALSE
	EndGlobalSection
	GlobalSection(ExtensibilityGlobals) = postSolution
		SolutionGuid = {F60A9B67-9A4E-4001-B170-410BFC0E71BF}
	EndGlobalSection
EndGlobal
